# @generated by Move, please check-in and do not edit manually.

[move]
version = 3
manifest_digest = "08669AA8AF3A1A86A7938F3C87D6E1A0C733B4FAFF15D3941F75BC1FFD57A397"
deps_digest = "F8BBB0CCB2491CA29A3DF03D6F92277A4F3574266507ACD77214D37ECA3F3082"
dependencies = [
  { id = "Sui", name = "Sui" },
]

[[move.package]]
id = "MoveStdlib"
source = { git = "https://github.com/MystenLabs/sui.git", rev = "framework/testnet", subdir = "crates\\sui-framework\\packages\\move-stdlib" }

[[move.package]]
id = "Sui"
source = { git = "https://github.com/MystenLabs/sui.git", rev = "framework/testnet", subdir = "crates/sui-framework/packages/sui-framework" }

dependencies = [
  { id = "MoveStdlib", name = "MoveStdlib" },
]

[move.toolchain-version]
compiler-version = "1.62.0"
edition = "2024"
flavor = "sui"

[env]

[env.testnet]
chain-id = "4c78adac"
original-published-id = "0xb7041c6d6d14f8dafeebc61604643ea031a06540a0201bc864835bae28980ccb"
latest-published-id = "0xb7041c6d6d14f8dafeebc61604643ea031a06540a0201bc864835bae28980ccb"
published-version = "1"
